// !$*UTF8*$!
{
	archiveVersion = 1;
	classes = {
	};
	objectVersion = 50;
	objects = {

/* Begin PBXBuildFile section */
		3E73135E2137CA2500CEA735 /* ChoresCell.swift in Sources */ = {isa = PBXBuildFile; fileRef = 3E73135D2137CA2500CEA735 /* ChoresCell.swift */; };
		3E782DBB212A9A9F00E11CD3 /* AppDelegate.swift in Sources */ = {isa = PBXBuildFile; fileRef = 3E782DBA212A9A9F00E11CD3 /* AppDelegate.swift */; };
		3E782DBD212A9A9F00E11CD3 /* ChoresViewController.swift in Sources */ = {isa = PBXBuildFile; fileRef = 3E782DBC212A9A9F00E11CD3 /* ChoresViewController.swift */; };
		3E782DC0212A9A9F00E11CD3 /* Main.storyboard in Resources */ = {isa = PBXBuildFile; fileRef = 3E782DBE212A9A9F00E11CD3 /* Main.storyboard */; };
		3E782DC2212A9A9F00E11CD3 /* Assets.xcassets in Resources */ = {isa = PBXBuildFile; fileRef = 3E782DC1212A9A9F00E11CD3 /* Assets.xcassets */; };
		3E782DC5212A9A9F00E11CD3 /* LaunchScreen.storyboard in Resources */ = {isa = PBXBuildFile; fileRef = 3E782DC3212A9A9F00E11CD3 /* LaunchScreen.storyboard */; };
		3E782DD0212A9AA000E11CD3 /* ChorusTests.swift in Sources */ = {isa = PBXBuildFile; fileRef = 3E782DCF212A9AA000E11CD3 /* ChorusTests.swift */; };
		3E9898702135D186004EA708 /* ChoresHeader.swift in Sources */ = {isa = PBXBuildFile; fileRef = 3E98986F2135D186004EA708 /* ChoresHeader.swift */; };
		3EDE01A22135DDB700B6021E /* ChoresStatus.swift in Sources */ = {isa = PBXBuildFile; fileRef = 3EDE01A12135DDB700B6021E /* ChoresStatus.swift */; };
		3EDE01A42137320700B6021E /* TaskBubble.swift in Sources */ = {isa = PBXBuildFile; fileRef = 3EDE01A32137320700B6021E /* TaskBubble.swift */; };
		3EDE01A62137351300B6021E /* UIColor++.swift in Sources */ = {isa = PBXBuildFile; fileRef = 3EDE01A52137351300B6021E /* UIColor++.swift */; };
/* End PBXBuildFile section */

/* Begin PBXContainerItemProxy section */
		3E782DCC212A9AA000E11CD3 /* PBXContainerItemProxy */ = {
			isa = PBXContainerItemProxy;
			containerPortal = 3E782DAF212A9A9F00E11CD3 /* Project object */;
			proxyType = 1;
			remoteGlobalIDString = 3E782DB6212A9A9F00E11CD3;
			remoteInfo = Chorus;
		};
/* End PBXContainerItemProxy section */

/* Begin PBXFileReference section */
		3E73135D2137CA2500CEA735 /* ChoresCell.swift */ = {isa = PBXFileReference; lastKnownFileType = sourcecode.swift; path = ChoresCell.swift; sourceTree = "<group>"; };
		3E782DB7212A9A9F00E11CD3 /* Chorus.app */ = {isa = PBXFileReference; explicitFileType = wrapper.application; includeInIndex = 0; path = Chorus.app; sourceTree = BUILT_PRODUCTS_DIR; };
		3E782DBA212A9A9F00E11CD3 /* AppDelegate.swift */ = {isa = PBXFileReference; lastKnownFileType = sourcecode.swift; path = AppDelegate.swift; sourceTree = "<group>"; };
		3E782DBC212A9A9F00E11CD3 /* ChoresViewController.swift */ = {isa = PBXFileReference; lastKnownFileType = sourcecode.swift; path = ChoresViewController.swift; sourceTree = "<group>"; };
		3E782DBF212A9A9F00E11CD3 /* Base */ = {isa = PBXFileReference; lastKnownFileType = file.storyboard; name = Base; path = Base.lproj/Main.storyboard; sourceTree = "<group>"; };
		3E782DC1212A9A9F00E11CD3 /* Assets.xcassets */ = {isa = PBXFileReference; lastKnownFileType = folder.assetcatalog; path = Assets.xcassets; sourceTree = "<group>"; };
		3E782DC4212A9A9F00E11CD3 /* Base */ = {isa = PBXFileReference; lastKnownFileType = file.storyboard; name = Base; path = Base.lproj/LaunchScreen.storyboard; sourceTree = "<group>"; };
		3E782DC6212A9A9F00E11CD3 /* Info.plist */ = {isa = PBXFileReference; lastKnownFileType = text.plist.xml; path = Info.plist; sourceTree = "<group>"; };
		3E782DCB212A9AA000E11CD3 /* ChorusTests.xctest */ = {isa = PBXFileReference; explicitFileType = wrapper.cfbundle; includeInIndex = 0; path = ChorusTests.xctest; sourceTree = BUILT_PRODUCTS_DIR; };
		3E782DCF212A9AA000E11CD3 /* ChorusTests.swift */ = {isa = PBXFileReference; lastKnownFileType = sourcecode.swift; path = ChorusTests.swift; sourceTree = "<group>"; };
		3E782DD1212A9AA000E11CD3 /* Info.plist */ = {isa = PBXFileReference; lastKnownFileType = text.plist.xml; path = Info.plist; sourceTree = "<group>"; };
		3E98986F2135D186004EA708 /* ChoresHeader.swift */ = {isa = PBXFileReference; lastKnownFileType = sourcecode.swift; path = ChoresHeader.swift; sourceTree = "<group>"; };
		3EDE01A12135DDB700B6021E /* ChoresStatus.swift */ = {isa = PBXFileReference; lastKnownFileType = sourcecode.swift; path = ChoresStatus.swift; sourceTree = "<group>"; };
		3EDE01A32137320700B6021E /* TaskBubble.swift */ = {isa = PBXFileReference; lastKnownFileType = sourcecode.swift; path = TaskBubble.swift; sourceTree = "<group>"; };
		3EDE01A52137351300B6021E /* UIColor++.swift */ = {isa = PBXFileReference; lastKnownFileType = sourcecode.swift; path = "UIColor++.swift"; sourceTree = "<group>"; };
/* End PBXFileReference section */

/* Begin PBXFrameworksBuildPhase section */
		3E782DB4212A9A9F00E11CD3 /* Frameworks */ = {
			isa = PBXFrameworksBuildPhase;
			buildActionMask = 2147483647;
			files = (
			);
			runOnlyForDeploymentPostprocessing = 0;
		};
		3E782DC8212A9AA000E11CD3 /* Frameworks */ = {
			isa = PBXFrameworksBuildPhase;
			buildActionMask = 2147483647;
			files = (
			);
			runOnlyForDeploymentPostprocessing = 0;
		};
/* End PBXFrameworksBuildPhase section */

/* Begin PBXGroup section */
		3E782DAE212A9A9F00E11CD3 = {
			isa = PBXGroup;
			children = (
				3E782DB9212A9A9F00E11CD3 /* Chorus */,
				3E782DCE212A9AA000E11CD3 /* ChorusTests */,
				3E782DB8212A9A9F00E11CD3 /* Products */,
			);
			sourceTree = "<group>";
		};
		3E782DB8212A9A9F00E11CD3 /* Products */ = {
			isa = PBXGroup;
			children = (
				3E782DB7212A9A9F00E11CD3 /* Chorus.app */,
				3E782DCB212A9AA000E11CD3 /* ChorusTests.xctest */,
			);
			name = Products;
			sourceTree = "<group>";
		};
		3E782DB9212A9A9F00E11CD3 /* Chorus */ = {
			isa = PBXGroup;
			children = (
				3E782DBA212A9A9F00E11CD3 /* AppDelegate.swift */,
				3E782DBC212A9A9F00E11CD3 /* ChoresViewController.swift */,
				3E98986F2135D186004EA708 /* ChoresHeader.swift */,
				3EDE01A12135DDB700B6021E /* ChoresStatus.swift */,
				3E73135D2137CA2500CEA735 /* ChoresCell.swift */,
				3E782DBE212A9A9F00E11CD3 /* Main.storyboard */,
				3E782DC1212A9A9F00E11CD3 /* Assets.xcassets */,
				3E782DC3212A9A9F00E11CD3 /* LaunchScreen.storyboard */,
				3E782DC6212A9A9F00E11CD3 /* Info.plist */,
				3EDE01A32137320700B6021E /* TaskBubble.swift */,
				3EDE01A52137351300B6021E /* UIColor++.swift */,
			);
			path = Chorus;
			sourceTree = "<group>";
		};
		3E782DCE212A9AA000E11CD3 /* ChorusTests */ = {
			isa = PBXGroup;
			children = (
				3E782DCF212A9AA000E11CD3 /* ChorusTests.swift */,
				3E782DD1212A9AA000E11CD3 /* Info.plist */,
			);
			path = ChorusTests;
			sourceTree = "<group>";
		};
/* End PBXGroup section */

/* Begin PBXNativeTarget section */
		3E782DB6212A9A9F00E11CD3 /* Chorus */ = {
			isa = PBXNativeTarget;
			buildConfigurationList = 3E782DD4212A9AA000E11CD3 /* Build configuration list for PBXNativeTarget "Chorus" */;
			buildPhases = (
				3E782DB3212A9A9F00E11CD3 /* Sources */,
				3E782DB4212A9A9F00E11CD3 /* Frameworks */,
				3E782DB5212A9A9F00E11CD3 /* Resources */,
			);
			buildRules = (
			);
			dependencies = (
			);
			name = Chorus;
			productName = Chorus;
			productReference = 3E782DB7212A9A9F00E11CD3 /* Chorus.app */;
			productType = "com.apple.product-type.application";
		};
		3E782DCA212A9AA000E11CD3 /* ChorusTests */ = {
			isa = PBXNativeTarget;
			buildConfigurationList = 3E782DD7212A9AA000E11CD3 /* Build configuration list for PBXNativeTarget "ChorusTests" */;
			buildPhases = (
				3E782DC7212A9AA000E11CD3 /* Sources */,
				3E782DC8212A9AA000E11CD3 /* Frameworks */,
				3E782DC9212A9AA000E11CD3 /* Resources */,
			);
			buildRules = (
			);
			dependencies = (
				3E782DCD212A9AA000E11CD3 /* PBXTargetDependency */,
			);
			name = ChorusTests;
			productName = ChorusTests;
			productReference = 3E782DCB212A9AA000E11CD3 /* ChorusTests.xctest */;
			productType = "com.apple.product-type.bundle.unit-test";
		};
/* End PBXNativeTarget section */

/* Begin PBXProject section */
		3E782DAF212A9A9F00E11CD3 /* Project object */ = {
			isa = PBXProject;
			attributes = {
				LastSwiftUpdateCheck = 1000;
				LastUpgradeCheck = 1000;
				ORGANIZATIONNAME = "Hao Guan";
				TargetAttributes = {
					3E782DB6212A9A9F00E11CD3 = {
						CreatedOnToolsVersion = 10.0;
					};
					3E782DCA212A9AA000E11CD3 = {
						CreatedOnToolsVersion = 10.0;
						TestTargetID = 3E782DB6212A9A9F00E11CD3;
					};
				};
			};
			buildConfigurationList = 3E782DB2212A9A9F00E11CD3 /* Build configuration list for PBXProject "Chorus" */;
			compatibilityVersion = "Xcode 9.3";
			developmentRegion = en;
			hasScannedForEncodings = 0;
			knownRegions = (
				en,
				Base,
			);
			mainGroup = 3E782DAE212A9A9F00E11CD3;
			productRefGroup = 3E782DB8212A9A9F00E11CD3 /* Products */;
			projectDirPath = "";
			projectRoot = "";
			targets = (
				3E782DB6212A9A9F00E11CD3 /* Chorus */,
				3E782DCA212A9AA000E11CD3 /* ChorusTests */,
			);
		};
/* End PBXProject section */

/* Begin PBXResourcesBuildPhase section */
		3E782DB5212A9A9F00E11CD3 /* Resources */ = {
			isa = PBXResourcesBuildPhase;
			buildActionMask = 2147483647;
			files = (
				3E782DC5212A9A9F00E11CD3 /* LaunchScreen.storyboard in Resources */,
				3E782DC2212A9A9F00E11CD3 /* Assets.xcassets in Resources */,
				3E782DC0212A9A9F00E11CD3 /* Main.storyboard in Resources */,
			);
			runOnlyForDeploymentPostprocessing = 0;
		};
		3E782DC9212A9AA000E11CD3 /* Resources */ = {
			isa = PBXResourcesBuildPhase;
			buildActionMask = 2147483647;
			files = (
			);
			runOnlyForDeploymentPostprocessing = 0;
		};
/* End PBXResourcesBuildPhase section */

/* Begin PBXSourcesBuildPhase section */
		3E782DB3212A9A9F00E11CD3 /* Sources */ = {
			isa = PBXSourcesBuildPhase;
			buildActionMask = 2147483647;
			files = (
				3E9898702135D186004EA708 /* ChoresHeader.swift in Sources */,
				3E73135E2137CA2500CEA735 /* ChoresCell.swift in Sources */,
				3EDE01A22135DDB700B6021E /* ChoresStatus.swift in Sources */,
				3E782DBD212A9A9F00E11CD3 /* ChoresViewController.swift in Sources */,
				3EDE01A42137320700B6021E /* TaskBubble.swift in Sources */,
				3E782DBB212A9A9F00E11CD3 /* AppDelegate.swift in Sources */,
				3EDE01A62137351300B6021E /* UIColor++.swift in Sources */,
			);
			runOnlyForDeploymentPostprocessing = 0;
		};
		3E782DC7212A9AA000E11CD3 /* Sources */ = {
			isa = PBXSourcesBuildPhase;
			buildActionMask = 2147483647;
			files = (
				3E782DD0212A9AA000E11CD3 /* ChorusTests.swift in Sources */,
			);
			runOnlyForDeploymentPostprocessing = 0;
		};
/* End PBXSourcesBuildPhase section */

/* Begin PBXTargetDependency section */
		3E782DCD212A9AA000E11CD3 /* PBXTargetDependency */ = {
			isa = PBXTargetDependency;
			target = 3E782DB6212A9A9F00E11CD3 /* Chorus */;
			targetProxy = 3E782DCC212A9AA000E11CD3 /* PBXContainerItemProxy */;
		};
/* End PBXTargetDependency section */

/* Begin PBXVariantGroup section */
		3E782DBE212A9A9F00E11CD3 /* Main.storyboard */ = {
			isa = PBXVariantGroup;
			children = (
				3E782DBF212A9A9F00E11CD3 /* Base */,
			);
			name = Main.storyboard;
			sourceTree = "<group>";
		};
		3E782DC3212A9A9F00E11CD3 /* LaunchScreen.storyboard */ = {
			isa = PBXVariantGroup;
			children = (
				3E782DC4212A9A9F00E11CD3 /* Base */,
			);
			name = LaunchScreen.storyboard;
			sourceTree = "<group>";
		};
/* End PBXVariantGroup section */

/* Begin XCBuildConfiguration section */
		3E782DD2212A9AA000E11CD3 /* Debug */ = {
			isa = XCBuildConfiguration;
			buildSettings = {
				ALWAYS_SEARCH_USER_PATHS = NO;
				CLANG_ANALYZER_NONNULL = YES;
				CLANG_ANALYZER_NUMBER_OBJECT_CONVERSION = YES_AGGRESSIVE;
				CLANG_CXX_LANGUAGE_STANDARD = "gnu++14";
				CLANG_CXX_LIBRARY = "libc++";
				CLANG_ENABLE_MODULES = YES;
				CLANG_ENABLE_OBJC_ARC = YES;
				CLANG_ENABLE_OBJC_WEAK = YES;
				CLANG_WARN_BLOCK_CAPTURE_AUTORELEASING = YES;
				CLANG_WARN_BOOL_CONVERSION = YES;
				CLANG_WARN_COMMA = YES;
				CLANG_WARN_CONSTANT_CONVERSION = YES;
				CLANG_WARN_DEPRECATED_OBJC_IMPLEMENTATIONS = YES;
				CLANG_WARN_DIRECT_OBJC_ISA_USAGE = YES_ERROR;
				CLANG_WARN_DOCUMENTATION_COMMENTS = YES;
				CLANG_WARN_EMPTY_BODY = YES;
				CLANG_WARN_ENUM_CONVERSION = YES;
				CLANG_WARN_INFINITE_RECURSION = YES;
				CLANG_WARN_INT_CONVERSION = YES;
				CLANG_WARN_NON_LITERAL_NULL_CONVERSION = YES;
				CLANG_WARN_OBJC_IMPLICIT_RETAIN_SELF = YES;
				CLANG_WARN_OBJC_LITERAL_CONVERSION = YES;
				CLANG_WARN_OBJC_ROOT_CLASS = YES_ERROR;
				CLANG_WARN_RANGE_LOOP_ANALYSIS = YES;
				CLANG_WARN_STRICT_PROTOTYPES = YES;
				CLANG_WARN_SUSPICIOUS_MOVE = YES;
				CLANG_WARN_UNGUARDED_AVAILABILITY = YES_AGGRESSIVE;
				CLANG_WARN_UNREACHABLE_CODE = YES;
				CLANG_WARN__DUPLICATE_METHOD_MATCH = YES;
				CODE_SIGN_IDENTITY = "iPhone Developer";
				COPY_PHASE_STRIP = NO;
				DEBUG_INFORMATION_FORMAT = dwarf;
				ENABLE_STRICT_OBJC_MSGSEND = YES;
				ENABLE_TESTABILITY = YES;
				GCC_C_LANGUAGE_STANDARD = gnu11;
				GCC_DYNAMIC_NO_PIC = NO;
				GCC_NO_COMMON_BLOCKS = YES;
				GCC_OPTIMIZATION_LEVEL = 0;
				GCC_PREPROCESSOR_DEFINITIONS = (
					"DEBUG=1",
					"$(inherited)",
				);
				GCC_WARN_64_TO_32_BIT_CONVERSION = YES;
				GCC_WARN_ABOUT_RETURN_TYPE = YES_ERROR;
				GCC_WARN_UNDECLARED_SELECTOR = YES;
				GCC_WARN_UNINITIALIZED_AUTOS = YES_AGGRESSIVE;
				GCC_WARN_UNUSED_FUNCTION = YES;
				GCC_WARN_UNUSED_VARIABLE = YES;
				IPHONEOS_DEPLOYMENT_TARGET = 12.0;
				MTL_ENABLE_DEBUG_INFO = INCLUDE_SOURCE;
				MTL_FAST_MATH = YES;
				ONLY_ACTIVE_ARCH = YES;
				SDKROOT = iphoneos;
				SWIFT_ACTIVE_COMPILATION_CONDITIONS = DEBUG;
				SWIFT_OPTIMIZATION_LEVEL = "-Onone";
			};
			name = Debug;
		};
		3E782DD3212A9AA000E11CD3 /* Release */ = {
			isa = XCBuildConfiguration;
			buildSettings = {
				ALWAYS_SEARCH_USER_PATHS = NO;
				CLANG_ANALYZER_NONNULL = YES;
				CLANG_ANALYZER_NUMBER_OBJECT_CONVERSION = YES_AGGRESSIVE;
				CLANG_CXX_LANGUAGE_STANDARD = "gnu++14";
				CLANG_CXX_LIBRARY = "libc++";
				CLANG_ENABLE_MODULES = YES;
				CLANG_ENABLE_OBJC_ARC = YES;
				CLANG_ENABLE_OBJC_WEAK = YES;
				CLANG_WARN_BLOCK_CAPTURE_AUTORELEASING = YES;
				CLANG_WARN_BOOL_CONVERSION = YES;
				CLANG_WARN_COMMA = YES;
				CLANG_WARN_CONSTANT_CONVERSION = YES;
				CLANG_WARN_DEPRECATED_OBJC_IMPLEMENTATIONS = YES;
				CLANG_WARN_DIRECT_OBJC_ISA_USAGE = YES_ERROR;
				CLANG_WARN_DOCUMENTATION_COMMENTS = YES;
				CLANG_WARN_EMPTY_BODY = YES;
				CLANG_WARN_ENUM_CONVERSION = YES;
				CLANG_WARN_INFINITE_RECURSION = YES;
				CLANG_WARN_INT_CONVERSION = YES;
				CLANG_WARN_NON_LITERAL_NULL_CONVERSION = YES;
				CLANG_WARN_OBJC_IMPLICIT_RETAIN_SELF = YES;
				CLANG_WARN_OBJC_LITERAL_CONVERSION = YES;
				CLANG_WARN_OBJC_ROOT_CLASS = YES_ERROR;
				CLANG_WARN_RANGE_LOOP_ANALYSIS = YES;
				CLANG_WARN_STRICT_PROTOTYPES = YES;
				CLANG_WARN_SUSPICIOUS_MOVE = YES;
				CLANG_WARN_UNGUARDED_AVAILABILITY = YES_AGGRESSIVE;
				CLANG_WARN_UNREACHABLE_CODE = YES;
				CLANG_WARN__DUPLICATE_METHOD_MATCH = YES;
				CODE_SIGN_IDENTITY = "iPhone Developer";
				COPY_PHASE_STRIP = NO;
				DEBUG_INFORMATION_FORMAT = "dwarf-with-dsym";
				ENABLE_NS_ASSERTIONS = NO;
				ENABLE_STRICT_OBJC_MSGSEND = YES;
				GCC_C_LANGUAGE_STANDARD = gnu11;
				GCC_NO_COMMON_BLOCKS = YES;
				GCC_WARN_64_TO_32_BIT_CONVERSION = YES;
				GCC_WARN_ABOUT_RETURN_TYPE = YES_ERROR;
				GCC_WARN_UNDECLARED_SELECTOR = YES;
				GCC_WARN_UNINITIALIZED_AUTOS = YES_AGGRESSIVE;
				GCC_WARN_UNUSED_FUNCTION = YES;
				GCC_WARN_UNUSED_VARIABLE = YES;
				IPHONEOS_DEPLOYMENT_TARGET = 12.0;
				MTL_ENABLE_DEBUG_INFO = NO;
				MTL_FAST_MATH = YES;
				SDKROOT = iphoneos;
				SWIFT_COMPILATION_MODE = wholemodule;
				SWIFT_OPTIMIZATION_LEVEL = "-O";
				VALIDATE_PRODUCT = YES;
			};
			name = Release;
		};
		3E782DD5212A9AA000E11CD3 /* Debug */ = {
			isa = XCBuildConfiguration;
			buildSettings = {
				ASSETCATALOG_COMPILER_APPICON_NAME = AppIcon;
				CODE_SIGN_STYLE = Automatic;
				DEVELOPMENT_TEAM = 6JFRWWFP3Q;
				INFOPLIST_FILE = Chorus/Info.plist;
				LD_RUNPATH_SEARCH_PATHS = (
					"$(inherited)",
					"@executable_path/Frameworks",
				);
				PRODUCT_BUNDLE_IDENTIFIER = com.haoguan.Chorus;
				PRODUCT_NAME = "$(TARGET_NAME)";
				SWIFT_VERSION = 4.2;
				TARGETED_DEVICE_FAMILY = "1,2";
			};
			name = Debug;
		};
		3E782DD6212A9AA000E11CD3 /* Release */ = {
			isa = XCBuildConfiguration;
			buildSettings = {
				ASSETCATALOG_COMPILER_APPICON_NAME = AppIcon;
				CODE_SIGN_STYLE = Automatic;
				DEVELOPMENT_TEAM = 6JFRWWFP3Q;
				INFOPLIST_FILE = Chorus/Info.plist;
				LD_RUNPATH_SEARCH_PATHS = (
					"$(inherited)",
					"@executable_path/Frameworks",
				);
				PRODUCT_BUNDLE_IDENTIFIER = com.haoguan.Chorus;
				PRODUCT_NAME = "$(TARGET_NAME)";
				SWIFT_VERSION = 4.2;
				TARGETED_DEVICE_FAMILY = "1,2";
			};
			name = Release;
		};
		3E782DD8212A9AA000E11CD3 /* Debug */ = {
			isa = XCBuildConfiguration;
			buildSettings = {
				ALWAYS_EMBED_SWIFT_STANDARD_LIBRARIES = YES;
				BUNDLE_LOADER = "$(TEST_HOST)";
				CODE_SIGN_STYLE = Automatic;
				DEVELOPMENT_TEAM = 6JFRWWFP3Q;
				INFOPLIST_FILE = ChorusTests/Info.plist;
				LD_RUNPATH_SEARCH_PATHS = (
					"$(inherited)",
					"@executable_path/Frameworks",
					"@loader_path/Frameworks",
				);
				PRODUCT_BUNDLE_IDENTIFIER = com.haoguan.ChorusTests;
				PRODUCT_NAME = "$(TARGET_NAME)";
				SWIFT_VERSION = 4.2;
				TARGETED_DEVICE_FAMILY = "1,2";
				TEST_HOST = "$(BUILT_PRODUCTS_DIR)/Chorus.app/Chorus";
			};
			name = Debug;
		};
		3E782DD9212A9AA000E11CD3 /* Release */ = {
			isa = XCBuildConfiguration;
			buildSettings = {
				ALWAYS_EMBED_SWIFT_STANDARD_LIBRARIES = YES;
				BUNDLE_LOADER = "$(TEST_HOST)";
				CODE_SIGN_STYLE = Automatic;
				DEVELOPMENT_TEAM = 6JFRWWFP3Q;
				INFOPLIST_FILE = ChorusTests/Info.plist;
				LD_RUNPATH_SEARCH_PATHS = (
					"$(inherited)",
					"@executable_path/Frameworks",
					"@loader_path/Frameworks",
				);
				PRODUCT_BUNDLE_IDENTIFIER = com.haoguan.ChorusTests;
				PRODUCT_NAME = "$(TARGET_NAME)";
				SWIFT_VERSION = 4.2;
				TARGETED_DEVICE_FAMILY = "1,2";
				TEST_HOST = "$(BUILT_PRODUCTS_DIR)/Chorus.app/Chorus";
			};
			name = Release;
		};
/* End XCBuildConfiguration section */

/* Begin XCConfigurationList section */
		3E782DB2212A9A9F00E11CD3 /* Build configuration list for PBXProject "Chorus" */ = {
			isa = XCConfigurationList;
			buildConfigurations = (
				3E782DD2212A9AA000E11CD3 /* Debug */,
				3E782DD3212A9AA000E11CD3 /* Release */,
			);
			defaultConfigurationIsVisible = 0;
			defaultConfigurationName = Release;
		};
		3E782DD4212A9AA000E11CD3 /* Build configuration list for PBXNativeTarget "Chorus" */ = {
			isa = XCConfigurationList;
			buildConfigurations = (
				3E782DD5212A9AA000E11CD3 /* Debug */,
				3E782DD6212A9AA000E11CD3 /* Release */,
			);
			defaultConfigurationIsVisible = 0;
			defaultConfigurationName = Release;
		};
		3E782DD7212A9AA000E11CD3 /* Build configuration list for PBXNativeTarget "ChorusTests" */ = {
			isa = XCConfigurationList;
			buildConfigurations = (
				3E782DD8212A9AA000E11CD3 /* Debug */,
				3E782DD9212A9AA000E11CD3 /* Release */,
			);
			defaultConfigurationIsVisible = 0;
			defaultConfigurationName = Release;
		};
/* End XCConfigurationList section */
	};
	rootObject = 3E782DAF212A9A9F00E11CD3 /* Project object */;
}
